
Microsoft Visual Studio Solution File, Format Version 12.00
# Visual Studio Version 17
VisualStudioVersion = 17.9.34723.18
MinimumVisualStudioVersion = 10.0.40219.1
Project("{9A19103F-16F7-4668-BE54-9A1E7A4F7556}") = "Jysk", "Jysk\Jysk.csproj", "{7750C82F-B59C-4726-8FCB-0A2A9A21CFE0}"
EndProject
Project("{FAE04EC0-301F-11D3-BF4B-00C04F79EFBC}") = "Jysk.DAL", "Jysk.DAL\Jysk.DAL.csproj", "{3A73015E-41FE-4617-8114-2CCE83A7061C}"
EndProject
Project("{FAE04EC0-301F-11D3-BF4B-00C04F79EFBC}") = "Jysk.BLL", "Jysk.BLL\Jysk.BLL.csproj", "{329FB168-0279-4F0D-96A0-C86B06D15E49}"
EndProject
Global
	GlobalSection(SolutionConfigurationPlatforms) = preSolution
		Debug|Any CPU = Debug|Any CPU
		Release|Any CPU = Release|Any CPU
	EndGlobalSection
	GlobalSection(ProjectConfigurationPlatforms) = postSolution
		{7750C82F-B59C-4726-8FCB-0A2A9A21CFE0}.Debug|Any CPU.ActiveCfg = Debug|Any CPU
		{7750C82F-B59C-4726-8FCB-0A2A9A21CFE0}.Debug|Any CPU.Build.0 = Debug|Any CPU
		{7750C82F-B59C-4726-8FCB-0A2A9A21CFE0}.Release|Any CPU.ActiveCfg = Release|Any CPU
		{7750C82F-B59C-4726-8FCB-0A2A9A21CFE0}.Release|Any CPU.Build.0 = Release|Any CPU
		{3A73015E-41FE-4617-8114-2CCE83A7061C}.Debug|Any CPU.ActiveCfg = Debug|Any CPU
		{3A73015E-41FE-4617-8114-2CCE83A7061C}.Debug|Any CPU.Build.0 = Debug|Any CPU
		{3A73015E-41FE-4617-8114-2CCE83A7061C}.Release|Any CPU.ActiveCfg = Release|Any CPU
		{3A73015E-41FE-4617-8114-2CCE83A7061C}.Release|Any CPU.Build.0 = Release|Any CPU
		{329FB168-0279-4F0D-96A0-C86B06D15E49}.Debug|Any CPU.ActiveCfg = Debug|Any CPU
		{329FB168-0279-4F0D-96A0-C86B06D15E49}.Debug|Any CPU.Build.0 = Debug|Any CPU
		{329FB168-0279-4F0D-96A0-C86B06D15E49}.Release|Any CPU.ActiveCfg = Release|Any CPU
		{329FB168-0279-4F0D-96A0-C86B06D15E49}.Release|Any CPU.Build.0 = Release|Any CPU
	EndGlobalSection
	GlobalSection(SolutionProperties) = preSolution
		HideSolutionNode = FALSE
	EndGlobalSection
	GlobalSection(ExtensibilityGlobals) = postSolution
		SolutionGuid = {9841F39C-AC6A-4139-A988-C676AABE6C92}
	EndGlobalSection
EndGlobal
